
Microsoft Visual Studio Solution File, Format Version 12.00
# Visual Studio Version 17
VisualStudioVersion = 17.4.33122.133
MinimumVisualStudioVersion = 10.0.40219.1
Project("{2150E333-8FDC-42A3-9474-1A3956D46DE8}") = "CleanArch.Application", "CleanArch.Application", "{C59B0BEF-0E32-4D84-8F22-5F5D54B3B4C0}"
EndProject
Project("{2150E333-8FDC-42A3-9474-1A3956D46DE8}") = "CleanArch.Domain", "CleanArch.Domain", "{0843906E-B15E-4694-B8B3-D8B7488489BD}"
EndProject
Project("{2150E333-8FDC-42A3-9474-1A3956D46DE8}") = "CleanArch.Infra.IOC", "CleanArch.Infra.IOC", "{BF4961C2-0610-4F9D-A602-C8B9A1E6947B}"
EndProject
Project("{2150E333-8FDC-42A3-9474-1A3956D46DE8}") = "CleanArch.UI.MVC", "CleanArch.UI.MVC", "{026B44D8-786B-4D48-BC40-67978B188318}"
EndProject
Project("{2150E333-8FDC-42A3-9474-1A3956D46DE8}") = "CleanArch.Infra.Data", "CleanArch.Infra.Data", "{45D38814-60A3-4151-AB09-6CCF18EA5F18}"
EndProject
Project("{FAE04EC0-301F-11D3-BF4B-00C04F79EFBC}") = "CleanArch.MVC", "CleanArch.MVC\CleanArch.MVC.csproj", "{F670C23A-DF00-4418-A65A-71DCE9053BD3}"
EndProject
Global
	GlobalSection(SolutionConfigurationPlatforms) = preSolution
		Debug|Any CPU = Debug|Any CPU
		Release|Any CPU = Release|Any CPU
	EndGlobalSection
	GlobalSection(ProjectConfigurationPlatforms) = postSolution
		{F670C23A-DF00-4418-A65A-71DCE9053BD3}.Debug|Any CPU.ActiveCfg = Debug|Any CPU
		{F670C23A-DF00-4418-A65A-71DCE9053BD3}.Debug|Any CPU.Build.0 = Debug|Any CPU
		{F670C23A-DF00-4418-A65A-71DCE9053BD3}.Release|Any CPU.ActiveCfg = Release|Any CPU
		{F670C23A-DF00-4418-A65A-71DCE9053BD3}.Release|Any CPU.Build.0 = Release|Any CPU
	EndGlobalSection
	GlobalSection(SolutionProperties) = preSolution
		HideSolutionNode = FALSE
	EndGlobalSection
	GlobalSection(NestedProjects) = preSolution
		{F670C23A-DF00-4418-A65A-71DCE9053BD3} = {026B44D8-786B-4D48-BC40-67978B188318}
	EndGlobalSection
	GlobalSection(ExtensibilityGlobals) = postSolution
		SolutionGuid = {64DAB35A-AF71-4982-8D3D-FCA12EF8CC58}
	EndGlobalSection
EndGlobal
